
Microsoft Visual Studio Solution File, Format Version 12.00
# Visual Studio Version 16
VisualStudioVersion = 16.0.31515.178
MinimumVisualStudioVersion = 10.0.40219.1
Project("{FAE04EC0-301F-11D3-BF4B-00C04F79EFBC}") = "Week4", "Week4\Week4.csproj", "{A6FC62E5-89D0-46D0-B9A2-C300C84A7671}"
EndProject
Global
	GlobalSection(SolutionConfigurationPlatforms) = preSolution
		Debug|Any CPU = Debug|Any CPU
		Release|Any CPU = Release|Any CPU
	EndGlobalSection
	GlobalSection(ProjectConfigurationPlatforms) = postSolution
		{A6FC62E5-89D0-46D0-B9A2-C300C84A7671}.Debug|Any CPU.ActiveCfg = Debug|Any CPU
		{A6FC62E5-89D0-46D0-B9A2-C300C84A7671}.Debug|Any CPU.Build.0 = Debug|Any CPU
		{A6FC62E5-89D0-46D0-B9A2-C300C84A7671}.Release|Any CPU.ActiveCfg = Release|Any CPU
		{A6FC62E5-89D0-46D0-B9A2-C300C84A7671}.Release|Any CPU.Build.0 = Release|Any CPU
	EndGlobalSection
	GlobalSection(SolutionProperties) = preSolution
		HideSolutionNode = FALSE
	EndGlobalSection
	GlobalSection(ExtensibilityGlobals) = postSolution
		SolutionGuid = {F6489AA8-D170-4128-87FD-35B80ACF8DEE}
	EndGlobalSection
EndGlobal
